// !$*UTF8*$!
{
	archiveVersion = 1;
	classes = {
	};
	objectVersion = 56;
	objects = {

/* Begin PBXBuildFile section */
		2831AD1A2A082B64002588A3 /* AppDelegate.swift in Sources */ = {isa = PBXBuildFile; fileRef = 2831AD192A082B64002588A3 /* AppDelegate.swift */; };
		2831AD1C2A082B64002588A3 /* SceneDelegate.swift in Sources */ = {isa = PBXBuildFile; fileRef = 2831AD1B2A082B64002588A3 /* SceneDelegate.swift */; };
		2831AD1E2A082B64002588A3 /* ViewController.swift in Sources */ = {isa = PBXBuildFile; fileRef = 2831AD1D2A082B64002588A3 /* ViewController.swift */; };
		2831AD212A082B64002588A3 /* Main.storyboard in Resources */ = {isa = PBXBuildFile; fileRef = 2831AD1F2A082B64002588A3 /* Main.storyboard */; };
		2831AD232A082B65002588A3 /* Assets.xcassets in Resources */ = {isa = PBXBuildFile; fileRef = 2831AD222A082B65002588A3 /* Assets.xcassets */; };
		2831AD262A082B65002588A3 /* LaunchScreen.storyboard in Resources */ = {isa = PBXBuildFile; fileRef = 2831AD242A082B65002588A3 /* LaunchScreen.storyboard */; };
		2831AD362A08324D002588A3 /* CategoriaCVCell.swift in Sources */ = {isa = PBXBuildFile; fileRef = 2831AD342A08324D002588A3 /* CategoriaCVCell.swift */; };
		2831AD372A08324D002588A3 /* CategoriaCVCell.xib in Resources */ = {isa = PBXBuildFile; fileRef = 2831AD352A08324D002588A3 /* CategoriaCVCell.xib */; };
		2831AD3A2A084B76002588A3 /* TypeCVCell.swift in Sources */ = {isa = PBXBuildFile; fileRef = 2831AD382A084B76002588A3 /* TypeCVCell.swift */; };
		2831AD3B2A084B76002588A3 /* TypeCVCell.xib in Resources */ = {isa = PBXBuildFile; fileRef = 2831AD392A084B76002588A3 /* TypeCVCell.xib */; };
		28C7FAC22A12EA9300E4DD00 /* DataModel.swift in Sources */ = {isa = PBXBuildFile; fileRef = 28C7FAC12A12EA9300E4DD00 /* DataModel.swift */; };
		28C7FAC52A12EAF100E4DD00 /* NetworkLayer.swift in Sources */ = {isa = PBXBuildFile; fileRef = 28C7FAC42A12EAF100E4DD00 /* NetworkLayer.swift */; };
		28C7FAC82A12EB6600E4DD00 /* CustomTabCell.swift in Sources */ = {isa = PBXBuildFile; fileRef = 28C7FAC62A12EB6600E4DD00 /* CustomTabCell.swift */; };
		28C7FAC92A12EB6600E4DD00 /* CustomTabCell.xib in Resources */ = {isa = PBXBuildFile; fileRef = 28C7FAC72A12EB6600E4DD00 /* CustomTabCell.xib */; };
		EDF7383CCA772529D9EB1D7E /* Pods_ProductApiApp.framework in Frameworks */ = {isa = PBXBuildFile; fileRef = 5EE79FF25B9E5DA742E33D16 /* Pods_ProductApiApp.framework */; };
/* End PBXBuildFile section */

/* Begin PBXFileReference section */
		2831AD162A082B64002588A3 /* ProductApiApp.app */ = {isa = PBXFileReference; explicitFileType = wrapper.application; includeInIndex = 0; path = ProductApiApp.app; sourceTree = BUILT_PRODUCTS_DIR; };
		2831AD192A082B64002588A3 /* AppDelegate.swift */ = {isa = PBXFileReference; lastKnownFileType = sourcecode.swift; path = AppDelegate.swift; sourceTree = "<group>"; };
		2831AD1B2A082B64002588A3 /* SceneDelegate.swift */ = {isa = PBXFileReference; lastKnownFileType = sourcecode.swift; path = SceneDelegate.swift; sourceTree = "<group>"; };
		2831AD1D2A082B64002588A3 /* ViewController.swift */ = {isa = PBXFileReference; lastKnownFileType = sourcecode.swift; path = ViewController.swift; sourceTree = "<group>"; };
		2831AD202A082B64002588A3 /* Base */ = {isa = PBXFileReference; lastKnownFileType = file.storyboard; name = Base; path = Base.lproj/Main.storyboard; sourceTree = "<group>"; };
		2831AD222A082B65002588A3 /* Assets.xcassets */ = {isa = PBXFileReference; lastKnownFileType = folder.assetcatalog; path = Assets.xcassets; sourceTree = "<group>"; };
		2831AD252A082B65002588A3 /* Base */ = {isa = PBXFileReference; lastKnownFileType = file.storyboard; name = Base; path = Base.lproj/LaunchScreen.storyboard; sourceTree = "<group>"; };
		2831AD272A082B65002588A3 /* Info.plist */ = {isa = PBXFileReference; lastKnownFileType = text.plist.xml; path = Info.plist; sourceTree = "<group>"; };
		2831AD342A08324D002588A3 /* CategoriaCVCell.swift */ = {isa = PBXFileReference; lastKnownFileType = sourcecode.swift; path = CategoriaCVCell.swift; sourceTree = "<group>"; };
		2831AD352A08324D002588A3 /* CategoriaCVCell.xib */ = {isa = PBXFileReference; lastKnownFileType = file.xib; path = CategoriaCVCell.xib; sourceTree = "<group>"; };
		2831AD382A084B76002588A3 /* TypeCVCell.swift */ = {isa = PBXFileReference; lastKnownFileType = sourcecode.swift; path = TypeCVCell.swift; sourceTree = "<group>"; };
		2831AD392A084B76002588A3 /* TypeCVCell.xib */ = {isa = PBXFileReference; lastKnownFileType = file.xib; path = TypeCVCell.xib; sourceTree = "<group>"; };
		28C7FAC12A12EA9300E4DD00 /* DataModel.swift */ = {isa = PBXFileReference; lastKnownFileType = sourcecode.swift; path = DataModel.swift; sourceTree = "<group>"; };
		28C7FAC42A12EAF100E4DD00 /* NetworkLayer.swift */ = {isa = PBXFileReference; lastKnownFileType = sourcecode.swift; path = NetworkLayer.swift; sourceTree = "<group>"; };
		28C7FAC62A12EB6600E4DD00 /* CustomTabCell.swift */ = {isa = PBXFileReference; lastKnownFileType = sourcecode.swift; path = CustomTabCell.swift; sourceTree = "<group>"; };
		28C7FAC72A12EB6600E4DD00 /* CustomTabCell.xib */ = {isa = PBXFileReference; lastKnownFileType = file.xib; path = CustomTabCell.xib; sourceTree = "<group>"; };
		5EE79FF25B9E5DA742E33D16 /* Pods_ProductApiApp.framework */ = {isa = PBXFileReference; explicitFileType = wrapper.framework; includeInIndex = 0; path = Pods_ProductApiApp.framework; sourceTree = BUILT_PRODUCTS_DIR; };
		87C648B0E62C04102323ADEF /* Pods-ProductApiApp.debug.xcconfig */ = {isa = PBXFileReference; includeInIndex = 1; lastKnownFileType = text.xcconfig; name = "Pods-ProductApiApp.debug.xcconfig"; path = "Target Support Files/Pods-ProductApiApp/Pods-ProductApiApp.debug.xcconfig"; sourceTree = "<group>"; };
		BED820C92499EE472B321211 /* Pods-ProductApiApp.release.xcconfig */ = {isa = PBXFileReference; includeInIndex = 1; lastKnownFileType = text.xcconfig; name = "Pods-ProductApiApp.release.xcconfig"; path = "Target Support Files/Pods-ProductApiApp/Pods-ProductApiApp.release.xcconfig"; sourceTree = "<group>"; };
/* End PBXFileReference section */

/* Begin PBXFrameworksBuildPhase section */
		2831AD132A082B64002588A3 /* Frameworks */ = {
			isa = PBXFrameworksBuildPhase;
			buildActionMask = 2147483647;
			files = (
				EDF7383CCA772529D9EB1D7E /* Pods_ProductApiApp.framework in Frameworks */,
			);
			runOnlyForDeploymentPostprocessing = 0;
		};
/* End PBXFrameworksBuildPhase section */

/* Begin PBXGroup section */
		2831AD0D2A082B64002588A3 = {
			isa = PBXGroup;
			children = (
				2831AD182A082B64002588A3 /* ProductApiApp */,
				2831AD172A082B64002588A3 /* Products */,
				777CF7ADF90E18C3C0DA93F3 /* Pods */,
				ADC5AE55805B68B5AB3E51D9 /* Frameworks */,
			);
			sourceTree = "<group>";
		};
		2831AD172A082B64002588A3 /* Products */ = {
			isa = PBXGroup;
			children = (
				2831AD162A082B64002588A3 /* ProductApiApp.app */,
			);
			name = Products;
			sourceTree = "<group>";
		};
		2831AD182A082B64002588A3 /* ProductApiApp */ = {
			isa = PBXGroup;
			children = (
				28C7FAC32A12EACD00E4DD00 /* ApiManager */,
				2831AD2F2A082B95002588A3 /* App */,
				2831AD312A082BC6002588A3 /* Model */,
				2831AD302A082BBD002588A3 /* View */,
				2831AD332A082C01002588A3 /* Controller */,
				2831AD322A082BD1002588A3 /* Resources */,
			);
			path = ProductApiApp;
			sourceTree = "<group>";
		};
		2831AD2F2A082B95002588A3 /* App */ = {
			isa = PBXGroup;
			children = (
				2831AD192A082B64002588A3 /* AppDelegate.swift */,
				2831AD1B2A082B64002588A3 /* SceneDelegate.swift */,
			);
			path = App;
			sourceTree = "<group>";
		};
		2831AD302A082BBD002588A3 /* View */ = {
			isa = PBXGroup;
			children = (
				2831AD342A08324D002588A3 /* CategoriaCVCell.swift */,
				2831AD352A08324D002588A3 /* CategoriaCVCell.xib */,
				2831AD382A084B76002588A3 /* TypeCVCell.swift */,
				2831AD392A084B76002588A3 /* TypeCVCell.xib */,
				28C7FAC62A12EB6600E4DD00 /* CustomTabCell.swift */,
				28C7FAC72A12EB6600E4DD00 /* CustomTabCell.xib */,
			);
			path = View;
			sourceTree = "<group>";
		};
		2831AD312A082BC6002588A3 /* Model */ = {
			isa = PBXGroup;
			children = (
				28C7FAC12A12EA9300E4DD00 /* DataModel.swift */,
			);
			path = Model;
			sourceTree = "<group>";
		};
		2831AD322A082BD1002588A3 /* Resources */ = {
			isa = PBXGroup;
			children = (
				2831AD222A082B65002588A3 /* Assets.xcassets */,
				2831AD242A082B65002588A3 /* LaunchScreen.storyboard */,
				2831AD272A082B65002588A3 /* Info.plist */,
			);
			path = Resources;
			sourceTree = "<group>";
		};
		2831AD332A082C01002588A3 /* Controller */ = {
			isa = PBXGroup;
			children = (
				2831AD1D2A082B64002588A3 /* ViewController.swift */,
				2831AD1F2A082B64002588A3 /* Main.storyboard */,
			);
			path = Controller;
			sourceTree = "<group>";
		};
		28C7FAC32A12EACD00E4DD00 /* ApiManager */ = {
			isa = PBXGroup;
			children = (
				28C7FAC42A12EAF100E4DD00 /* NetworkLayer.swift */,
			);
			path = ApiManager;
			sourceTree = "<group>";
		};
		777CF7ADF90E18C3C0DA93F3 /* Pods */ = {
			isa = PBXGroup;
			children = (
				87C648B0E62C04102323ADEF /* Pods-ProductApiApp.debug.xcconfig */,
				BED820C92499EE472B321211 /* Pods-ProductApiApp.release.xcconfig */,
			);
			path = Pods;
			sourceTree = "<group>";
		};
		ADC5AE55805B68B5AB3E51D9 /* Frameworks */ = {
			isa = PBXGroup;
			children = (
				5EE79FF25B9E5DA742E33D16 /* Pods_ProductApiApp.framework */,
			);
			name = Frameworks;
			sourceTree = "<group>";
		};
/* End PBXGroup section */

/* Begin PBXNativeTarget section */
		2831AD152A082B64002588A3 /* ProductApiApp */ = {
			isa = PBXNativeTarget;
			buildConfigurationList = 2831AD2A2A082B65002588A3 /* Build configuration list for PBXNativeTarget "ProductApiApp" */;
			buildPhases = (
				51DD3474F97EDCA32935679C /* [CP] Check Pods Manifest.lock */,
				2831AD122A082B64002588A3 /* Sources */,
				2831AD132A082B64002588A3 /* Frameworks */,
				2831AD142A082B64002588A3 /* Resources */,
				FDC463DE8A7FCE427D1277BE /* [CP] Embed Pods Frameworks */,
			);
			buildRules = (
			);
			dependencies = (
			);
			name = ProductApiApp;
			productName = ProductApiApp;
			productReference = 2831AD162A082B64002588A3 /* ProductApiApp.app */;
			productType = "com.apple.product-type.application";
		};
/* End PBXNativeTarget section */

/* Begin PBXProject section */
		2831AD0E2A082B64002588A3 /* Project object */ = {
			isa = PBXProject;
			attributes = {
				BuildIndependentTargetsInParallel = 1;
				LastSwiftUpdateCheck = 1430;
				LastUpgradeCheck = 1430;
				TargetAttributes = {
					2831AD152A082B64002588A3 = {
						CreatedOnToolsVersion = 14.3;
					};
				};
			};
			buildConfigurationList = 2831AD112A082B64002588A3 /* Build configuration list for PBXProject "ProductApiApp" */;
			compatibilityVersion = "Xcode 14.0";
			developmentRegion = en;
			hasScannedForEncodings = 0;
			knownRegions = (
				en,
				Base,
			);
			mainGroup = 2831AD0D2A082B64002588A3;
			productRefGroup = 2831AD172A082B64002588A3 /* Products */;
			projectDirPath = "";
			projectRoot = "";
			targets = (
				2831AD152A082B64002588A3 /* ProductApiApp */,
			);
		};
/* End PBXProject section */

/* Begin PBXResourcesBuildPhase section */
		2831AD142A082B64002588A3 /* Resources */ = {
			isa = PBXResourcesBuildPhase;
			buildActionMask = 2147483647;
			files = (
				28C7FAC92A12EB6600E4DD00 /* CustomTabCell.xib in Resources */,
				2831AD372A08324D002588A3 /* CategoriaCVCell.xib in Resources */,
				2831AD262A082B65002588A3 /* LaunchScreen.storyboard in Resources */,
				2831AD3B2A084B76002588A3 /* TypeCVCell.xib in Resources */,
				2831AD232A082B65002588A3 /* Assets.xcassets in Resources */,
				2831AD212A082B64002588A3 /* Main.storyboard in Resources */,
			);
			runOnlyForDeploymentPostprocessing = 0;
		};
/* End PBXResourcesBuildPhase section */

/* Begin PBXShellScriptBuildPhase section */
		51DD3474F97EDCA32935679C /* [CP] Check Pods Manifest.lock */ = {
			isa = PBXShellScriptBuildPhase;
			buildActionMask = 2147483647;
			files = (
			);
			inputFileListPaths = (
			);
			inputPaths = (
				"${PODS_PODFILE_DIR_PATH}/Podfile.lock",
				"${PODS_ROOT}/Manifest.lock",
			);
			name = "[CP] Check Pods Manifest.lock";
			outputFileListPaths = (
			);
			outputPaths = (
				"$(DERIVED_FILE_DIR)/Pods-ProductApiApp-checkManifestLockResult.txt",
			);
			runOnlyForDeploymentPostprocessing = 0;
			shellPath = /bin/sh;
			shellScript = "diff \"${PODS_PODFILE_DIR_PATH}/Podfile.lock\" \"${PODS_ROOT}/Manifest.lock\" > /dev/null\nif [ $? != 0 ] ; then\n    # print error to STDERR\n    echo \"error: The sandbox is not in sync with the Podfile.lock. Run 'pod install' or update your CocoaPods installation.\" >&2\n    exit 1\nfi\n# This output is used by Xcode 'outputs' to avoid re-running this script phase.\necho \"SUCCESS\" > \"${SCRIPT_OUTPUT_FILE_0}\"\n";
			showEnvVarsInLog = 0;
		};
		FDC463DE8A7FCE427D1277BE /* [CP] Embed Pods Frameworks */ = {
			isa = PBXShellScriptBuildPhase;
			buildActionMask = 2147483647;
			files = (
			);
			inputFileListPaths = (
				"${PODS_ROOT}/Target Support Files/Pods-ProductApiApp/Pods-ProductApiApp-frameworks-${CONFIGURATION}-input-files.xcfilelist",
			);
			name = "[CP] Embed Pods Frameworks";
			outputFileListPaths = (
				"${PODS_ROOT}/Target Support Files/Pods-ProductApiApp/Pods-ProductApiApp-frameworks-${CONFIGURATION}-output-files.xcfilelist",
			);
			runOnlyForDeploymentPostprocessing = 0;
			shellPath = /bin/sh;
			shellScript = "\"${PODS_ROOT}/Target Support Files/Pods-ProductApiApp/Pods-ProductApiApp-frameworks.sh\"\n";
			showEnvVarsInLog = 0;
		};
/* End PBXShellScriptBuildPhase section */

/* Begin PBXSourcesBuildPhase section */
		2831AD122A082B64002588A3 /* Sources */ = {
			isa = PBXSourcesBuildPhase;
			buildActionMask = 2147483647;
			files = (
				28C7FAC82A12EB6600E4DD00 /* CustomTabCell.swift in Sources */,
				28C7FAC52A12EAF100E4DD00 /* NetworkLayer.swift in Sources */,
				2831AD362A08324D002588A3 /* CategoriaCVCell.swift in Sources */,
				2831AD1E2A082B64002588A3 /* ViewController.swift in Sources */,
				2831AD3A2A084B76002588A3 /* TypeCVCell.swift in Sources */,
				2831AD1A2A082B64002588A3 /* AppDelegate.swift in Sources */,
				2831AD1C2A082B64002588A3 /* SceneDelegate.swift in Sources */,
				28C7FAC22A12EA9300E4DD00 /* DataModel.swift in Sources */,
			);
			runOnlyForDeploymentPostprocessing = 0;
		};
/* End PBXSourcesBuildPhase section */

/* Begin PBXVariantGroup section */
		2831AD1F2A082B64002588A3 /* Main.storyboard */ = {
			isa = PBXVariantGroup;
			children = (
				2831AD202A082B64002588A3 /* Base */,
			);
			name = Main.storyboard;
			sourceTree = "<group>";
		};
		2831AD242A082B65002588A3 /* LaunchScreen.storyboard */ = {
			isa = PBXVariantGroup;
			children = (
				2831AD252A082B65002588A3 /* Base */,
			);
			name = LaunchScreen.storyboard;
			sourceTree = "<group>";
		};
/* End PBXVariantGroup section */

/* Begin XCBuildConfiguration section */
		2831AD282A082B65002588A3 /* Debug */ = {
			isa = XCBuildConfiguration;
			buildSettings = {
				ALWAYS_SEARCH_USER_PATHS = NO;
				CLANG_ANALYZER_NONNULL = YES;
				CLANG_ANALYZER_NUMBER_OBJECT_CONVERSION = YES_AGGRESSIVE;
				CLANG_CXX_LANGUAGE_STANDARD = "gnu++20";
				CLANG_ENABLE_MODULES = YES;
				CLANG_ENABLE_OBJC_ARC = YES;
				CLANG_ENABLE_OBJC_WEAK = YES;
				CLANG_WARN_BLOCK_CAPTURE_AUTORELEASING = YES;
				CLANG_WARN_BOOL_CONVERSION = YES;
				CLANG_WARN_COMMA = YES;
				CLANG_WARN_CONSTANT_CONVERSION = YES;
				CLANG_WARN_DEPRECATED_OBJC_IMPLEMENTATIONS = YES;
				CLANG_WARN_DIRECT_OBJC_ISA_USAGE = YES_ERROR;
				CLANG_WARN_DOCUMENTATION_COMMENTS = YES;
				CLANG_WARN_EMPTY_BODY = YES;
				CLANG_WARN_ENUM_CONVERSION = YES;
				CLANG_WARN_INFINITE_RECURSION = YES;
				CLANG_WARN_INT_CONVERSION = YES;
				CLANG_WARN_NON_LITERAL_NULL_CONVERSION = YES;
				CLANG_WARN_OBJC_IMPLICIT_RETAIN_SELF = YES;
				CLANG_WARN_OBJC_LITERAL_CONVERSION = YES;
				CLANG_WARN_OBJC_ROOT_CLASS = YES_ERROR;
				CLANG_WARN_QUOTED_INCLUDE_IN_FRAMEWORK_HEADER = YES;
				CLANG_WARN_RANGE_LOOP_ANALYSIS = YES;
				CLANG_WARN_STRICT_PROTOTYPES = YES;
				CLANG_WARN_SUSPICIOUS_MOVE = YES;
				CLANG_WARN_UNGUARDED_AVAILABILITY = YES_AGGRESSIVE;
				CLANG_WARN_UNREACHABLE_CODE = YES;
				CLANG_WARN__DUPLICATE_METHOD_MATCH = YES;
				COPY_PHASE_STRIP = NO;
				DEBUG_INFORMATION_FORMAT = dwarf;
				ENABLE_STRICT_OBJC_MSGSEND = YES;
				ENABLE_TESTABILITY = YES;
				GCC_C_LANGUAGE_STANDARD = gnu11;
				GCC_DYNAMIC_NO_PIC = NO;
				GCC_NO_COMMON_BLOCKS = YES;
				GCC_OPTIMIZATION_LEVEL = 0;
				GCC_PREPROCESSOR_DEFINITIONS = (
					"DEBUG=1",
					"$(inherited)",
				);
				GCC_WARN_64_TO_32_BIT_CONVERSION = YES;
				GCC_WARN_ABOUT_RETURN_TYPE = YES_ERROR;
				GCC_WARN_UNDECLARED_SELECTOR = YES;
				GCC_WARN_UNINITIALIZED_AUTOS = YES_AGGRESSIVE;
				GCC_WARN_UNUSED_FUNCTION = YES;
				GCC_WARN_UNUSED_VARIABLE = YES;
				IPHONEOS_DEPLOYMENT_TARGET = 16.4;
				MTL_ENABLE_DEBUG_INFO = INCLUDE_SOURCE;
				MTL_FAST_MATH = YES;
				ONLY_ACTIVE_ARCH = YES;
				SDKROOT = iphoneos;
				SWIFT_ACTIVE_COMPILATION_CONDITIONS = DEBUG;
				SWIFT_OPTIMIZATION_LEVEL = "-Onone";
			};
			name = Debug;
		};
		2831AD292A082B65002588A3 /* Release */ = {
			isa = XCBuildConfiguration;
			buildSettings = {
				ALWAYS_SEARCH_USER_PATHS = NO;
				CLANG_ANALYZER_NONNULL = YES;
				CLANG_ANALYZER_NUMBER_OBJECT_CONVERSION = YES_AGGRESSIVE;
				CLANG_CXX_LANGUAGE_STANDARD = "gnu++20";
				CLANG_ENABLE_MODULES = YES;
				CLANG_ENABLE_OBJC_ARC = YES;
				CLANG_ENABLE_OBJC_WEAK = YES;
				CLANG_WARN_BLOCK_CAPTURE_AUTORELEASING = YES;
				CLANG_WARN_BOOL_CONVERSION = YES;
				CLANG_WARN_COMMA = YES;
				CLANG_WARN_CONSTANT_CONVERSION = YES;
				CLANG_WARN_DEPRECATED_OBJC_IMPLEMENTATIONS = YES;
				CLANG_WARN_DIRECT_OBJC_ISA_USAGE = YES_ERROR;
				CLANG_WARN_DOCUMENTATION_COMMENTS = YES;
				CLANG_WARN_EMPTY_BODY = YES;
				CLANG_WARN_ENUM_CONVERSION = YES;
				CLANG_WARN_INFINITE_RECURSION = YES;
				CLANG_WARN_INT_CONVERSION = YES;
				CLANG_WARN_NON_LITERAL_NULL_CONVERSION = YES;
				CLANG_WARN_OBJC_IMPLICIT_RETAIN_SELF = YES;
				CLANG_WARN_OBJC_LITERAL_CONVERSION = YES;
				CLANG_WARN_OBJC_ROOT_CLASS = YES_ERROR;
				CLANG_WARN_QUOTED_INCLUDE_IN_FRAMEWORK_HEADER = YES;
				CLANG_WARN_RANGE_LOOP_ANALYSIS = YES;
				CLANG_WARN_STRICT_PROTOTYPES = YES;
				CLANG_WARN_SUSPICIOUS_MOVE = YES;
				CLANG_WARN_UNGUARDED_AVAILABILITY = YES_AGGRESSIVE;
				CLANG_WARN_UNREACHABLE_CODE = YES;
				CLANG_WARN__DUPLICATE_METHOD_MATCH = YES;
				COPY_PHASE_STRIP = NO;
				DEBUG_INFORMATION_FORMAT = "dwarf-with-dsym";
				ENABLE_NS_ASSERTIONS = NO;
				ENABLE_STRICT_OBJC_MSGSEND = YES;
				GCC_C_LANGUAGE_STANDARD = gnu11;
				GCC_NO_COMMON_BLOCKS = YES;
				GCC_WARN_64_TO_32_BIT_CONVERSION = YES;
				GCC_WARN_ABOUT_RETURN_TYPE = YES_ERROR;
				GCC_WARN_UNDECLARED_SELECTOR = YES;
				GCC_WARN_UNINITIALIZED_AUTOS = YES_AGGRESSIVE;
				GCC_WARN_UNUSED_FUNCTION = YES;
				GCC_WARN_UNUSED_VARIABLE = YES;
				IPHONEOS_DEPLOYMENT_TARGET = 16.4;
				MTL_ENABLE_DEBUG_INFO = NO;
				MTL_FAST_MATH = YES;
				SDKROOT = iphoneos;
				SWIFT_COMPILATION_MODE = wholemodule;
				SWIFT_OPTIMIZATION_LEVEL = "-O";
				VALIDATE_PRODUCT = YES;
			};
			name = Release;
		};
		2831AD2B2A082B65002588A3 /* Debug */ = {
			isa = XCBuildConfiguration;
			baseConfigurationReference = 87C648B0E62C04102323ADEF /* Pods-ProductApiApp.debug.xcconfig */;
			buildSettings = {
				ASSETCATALOG_COMPILER_APPICON_NAME = AppIcon;
				ASSETCATALOG_COMPILER_GLOBAL_ACCENT_COLOR_NAME = AccentColor;
				CODE_SIGN_STYLE = Automatic;
				CURRENT_PROJECT_VERSION = 1;
				DEVELOPMENT_TEAM = 7TGA44R678;
				GENERATE_INFOPLIST_FILE = YES;
				INFOPLIST_FILE = ProductApiApp/Resources/Info.plist;
				INFOPLIST_KEY_UIApplicationSupportsIndirectInputEvents = YES;
				INFOPLIST_KEY_UILaunchStoryboardName = LaunchScreen;
				INFOPLIST_KEY_UIMainStoryboardFile = Main;
				INFOPLIST_KEY_UISupportedInterfaceOrientations_iPad = "UIInterfaceOrientationPortrait UIInterfaceOrientationPortraitUpsideDown UIInterfaceOrientationLandscapeLeft UIInterfaceOrientationLandscapeRight";
				INFOPLIST_KEY_UISupportedInterfaceOrientations_iPhone = "UIInterfaceOrientationPortrait UIInterfaceOrientationLandscapeLeft UIInterfaceOrientationLandscapeRight";
				LD_RUNPATH_SEARCH_PATHS = (
					"$(inherited)",
					"@executable_path/Frameworks",
				);
				MARKETING_VERSION = 1.0;
				PRODUCT_BUNDLE_IDENTIFIER = SeitovN.ProductApiApp;
				PRODUCT_NAME = "$(TARGET_NAME)";
				SWIFT_EMIT_LOC_STRINGS = YES;
				SWIFT_VERSION = 5.0;
				TARGETED_DEVICE_FAMILY = "1,2";
			};
			name = Debug;
		};
		2831AD2C2A082B65002588A3 /* Release */ = {
			isa = XCBuildConfiguration;
			baseConfigurationReference = BED820C92499EE472B321211 /* Pods-ProductApiApp.release.xcconfig */;
			buildSettings = {
				ASSETCATALOG_COMPILER_APPICON_NAME = AppIcon;
				ASSETCATALOG_COMPILER_GLOBAL_ACCENT_COLOR_NAME = AccentColor;
				CODE_SIGN_STYLE = Automatic;
				CURRENT_PROJECT_VERSION = 1;
				DEVELOPMENT_TEAM = 7TGA44R678;
				GENERATE_INFOPLIST_FILE = YES;
				INFOPLIST_FILE = ProductApiApp/Resources/Info.plist;
				INFOPLIST_KEY_UIApplicationSupportsIndirectInputEvents = YES;
				INFOPLIST_KEY_UILaunchStoryboardName = LaunchScreen;
				INFOPLIST_KEY_UIMainStoryboardFile = Main;
				INFOPLIST_KEY_UISupportedInterfaceOrientations_iPad = "UIInterfaceOrientationPortrait UIInterfaceOrientationPortraitUpsideDown UIInterfaceOrientationLandscapeLeft UIInterfaceOrientationLandscapeRight";
				INFOPLIST_KEY_UISupportedInterfaceOrientations_iPhone = "UIInterfaceOrientationPortrait UIInterfaceOrientationLandscapeLeft UIInterfaceOrientationLandscapeRight";
				LD_RUNPATH_SEARCH_PATHS = (
					"$(inherited)",
					"@executable_path/Frameworks",
				);
				MARKETING_VERSION = 1.0;
				PRODUCT_BUNDLE_IDENTIFIER = SeitovN.ProductApiApp;
				PRODUCT_NAME = "$(TARGET_NAME)";
				SWIFT_EMIT_LOC_STRINGS = YES;
				SWIFT_VERSION = 5.0;
				TARGETED_DEVICE_FAMILY = "1,2";
			};
			name = Release;
		};
/* End XCBuildConfiguration section */

/* Begin XCConfigurationList section */
		2831AD112A082B64002588A3 /* Build configuration list for PBXProject "ProductApiApp" */ = {
			isa = XCConfigurationList;
			buildConfigurations = (
				2831AD282A082B65002588A3 /* Debug */,
				2831AD292A082B65002588A3 /* Release */,
			);
			defaultConfigurationIsVisible = 0;
			defaultConfigurationName = Release;
		};
		2831AD2A2A082B65002588A3 /* Build configuration list for PBXNativeTarget "ProductApiApp" */ = {
			isa = XCConfigurationList;
			buildConfigurations = (
				2831AD2B2A082B65002588A3 /* Debug */,
				2831AD2C2A082B65002588A3 /* Release */,
			);
			defaultConfigurationIsVisible = 0;
			defaultConfigurationName = Release;
		};
/* End XCConfigurationList section */
	};
	rootObject = 2831AD0E2A082B64002588A3 /* Project object */;
}
